PODS:
  - Alamofire (5.9.1)
  - CrashEye (1.2.0)
  - CwlCatchException (2.2.0):
    - CwlCatchExceptionSupport (~> 2.2.0)
  - CwlCatchExceptionSupport (2.2.0)
  - CwlMachBadInstructionHandler (2.2.0)
  - CwlPosixPreconditionTesting (2.2.0)
  - CwlPreconditionTesting (2.2.1):
    - CwlCatchException (~> 2.2.0)
    - CwlMachBadInstructionHandler (~> 2.2.0)
    - CwlPosixPreconditionTesting (~> 2.2.0)
  - Embassy (4.1.4)
  - Fakery (5.1.0)
  - FLEX (5.22.10)
  - GCDWebServer (3.5.4):
    - GCDWebServer/Core (= 3.5.4)
  - GCDWebServer/Core (3.5.4)
  - GoogleDataTransport (9.4.1):
    - GoogleUtilities/Environment (~> 7.7)
    - nanopb (< 2.30911.0, >= 2.30908.0)
    - PromisesObjC (< 3.0, >= 1.2)
  - GoogleMLKit/LanguageID (6.0.0):
    - GoogleMLKit/MLKitCore
    - MLKitLanguageID (~> 6.0.0)
  - GoogleMLKit/MLKitCore (6.0.0):
    - MLKitCommon (~> 11.0.0)
  - GoogleMLKit/Translate (6.0.0):
    - GoogleMLKit/MLKitCore
    - MLKitTranslate (~> 5.0.0)
  - GoogleToolboxForMac/Defines (4.2.1)
  - GoogleToolboxForMac/Logger (4.2.1):
    - GoogleToolboxForMac/Defines (= 4.2.1)
  - "GoogleToolboxForMac/NSData+zlib (4.2.1)":
    - GoogleToolboxForMac/Defines (= 4.2.1)
  - GoogleToolboxForMac/StringEncoding (4.2.1):
    - GoogleToolboxForMac/Defines (= 4.2.1)
  - GoogleUtilities/Environment (7.13.3):
    - GoogleUtilities/Privacy
    - PromisesObjC (< 3.0, >= 1.2)
  - GoogleUtilities/Logger (7.13.3):
    - GoogleUtilities/Environment
    - GoogleUtilities/Privacy
  - GoogleUtilities/Privacy (7.13.3)
  - GoogleUtilities/UserDefaults (7.13.3):
    - GoogleUtilities/Logger
    - GoogleUtilities/Privacy
  - GoogleUtilitiesComponents (1.1.0):
    - GoogleUtilities/Logger
  - GTMSessionFetcher/Core (3.5.0)
  - IBLinter (0.5.0)
  - IOSSecuritySuite (2.1.0)
  - KIF (3.9.0):
    - KIF/Core (= 3.9.0)
  - KIF/Core (3.9.0)
  - Kingfisher (7.12.0)
  - MLKitCommon (11.0.0):
    - GoogleDataTransport (< 10.0, >= 9.4.1)
    - GoogleToolboxForMac/Logger (< 5.0, >= 4.2.1)
    - "GoogleToolboxForMac/NSData+zlib (< 5.0, >= 4.2.1)"
    - GoogleUtilities/UserDefaults (< 8.0, >= 7.13.0)
    - GoogleUtilitiesComponents (~> 1.0)
    - GTMSessionFetcher/Core (< 4.0, >= 3.3.2)
  - MLKitLanguageID (6.0.0):
    - MLKitNaturalLanguage (~> 7.0)
  - MLKitNaturalLanguage (7.0.0):
    - GoogleToolboxForMac/Logger (< 5.0, >= 4.2.1)
    - "GoogleToolboxForMac/NSData+zlib (< 5.0, >= 4.2.1)"
    - GoogleToolboxForMac/StringEncoding (< 5.0, >= 4.2.1)
    - GTMSessionFetcher/Core (< 4.0, >= 3.3.2)
    - MLKitCommon (~> 11.0)
  - MLKitTranslate (5.0.0):
    - MLKitNaturalLanguage (~> 7.0)
    - SSZipArchive (< 3.0, >= 2.5.5)
  - Moya (15.0.0):
    - Moya/Core (= 15.0.0)
  - Moya/Core (15.0.0):
    - Alamofire (~> 5.0)
  - nanopb (2.30910.0):
    - nanopb/decode (= 2.30910.0)
    - nanopb/encode (= 2.30910.0)
  - nanopb/decode (2.30910.0)
  - nanopb/encode (2.30910.0)
  - Nimble (13.4.0):
    - CwlPreconditionTesting (~> 2.2.0)
  - OpenCV (4.3.0)
  - Periphery (2.21.0)
  - PromiseKit (8.1.1):
    - PromiseKit/CorePromise (= 8.1.1)
    - PromiseKit/Foundation (= 8.1.1)
    - PromiseKit/UIKit (= 8.1.1)
  - PromiseKit/CorePromise (8.1.1)
  - PromiseKit/Foundation (8.1.1):
    - PromiseKit/CorePromise
  - PromiseKit/UIKit (8.1.1):
    - PromiseKit/CorePromise
  - PromisesObjC (2.4.0)
  - Quick (7.6.2)
  - R.swift (7.3.2)
  - Realm (10.53.0):
    - Realm/Headers (= 10.53.0)
  - Realm/Headers (10.53.0)
  - RealmSwift (10.53.0):
    - Realm (= 10.53.0)
  - RxBlocking (6.7.1):
    - RxSwift (= 6.7.1)
  - RxCocoa (6.7.1):
    - RxRelay (= 6.7.1)
    - RxSwift (= 6.7.1)
  - RxRelay (6.7.1):
    - RxSwift (= 6.7.1)
  - RxSwift (6.7.1)
  - RxTest (6.7.1):
    - RxSwift (= 6.7.1)
  - SDWebImage (5.19.7):
    - SDWebImage/Core (= 5.19.7)
  - SDWebImage/Core (5.19.7)
  - Sourcery (2.2.5):
    - Sourcery/CLI-Only (= 2.2.5)
  - Sourcery/CLI-Only (2.2.5)
  - SSZipArchive (2.5.5)
  - Starscream (4.0.8)
  - SwiftFormat/CLI (0.54.3)
  - SwiftGen (6.6.3)
  - SwiftLint (0.56.2)
  - SwiftSoup (2.7.3)
  - SwiftySpell (0.9.6)
  - Swinject (2.9.1)
  - TrustKit (3.0.4)

DEPENDENCIES:
  - Alamofire
  - CrashEye
  - Embassy
  - Fakery
  - FLEX
  - GCDWebServer
  - GoogleMLKit/LanguageID
  - GoogleMLKit/Translate
  - IBLinter
  - IOSSecuritySuite
  - KIF
  - Kingfisher
  - Moya
  - Nimble
  - OpenCV
  - Periphery
  - PromiseKit
  - Quick
  - R.swift
  - RealmSwift
  - RxBlocking
  - RxCocoa
  - RxSwift
  - RxTest
  - SDWebImage
  - Sourcery
  - Starscream
  - SwiftFormat/CLI
  - SwiftGen
  - SwiftLint
  - SwiftSoup
  - SwiftySpell
  - Swinject
  - TrustKit

SPEC REPOS:
  trunk:
    - Alamofire
    - CrashEye
    - CwlCatchException
    - CwlCatchExceptionSupport
    - CwlMachBadInstructionHandler
    - CwlPosixPreconditionTesting
    - CwlPreconditionTesting
    - Embassy
    - Fakery
    - FLEX
    - GCDWebServer
    - GoogleDataTransport
    - GoogleMLKit
    - GoogleToolboxForMac
    - GoogleUtilities
    - GoogleUtilitiesComponents
    - GTMSessionFetcher
    - IBLinter
    - IOSSecuritySuite
    - KIF
    - Kingfisher
    - MLKitCommon
    - MLKitLanguageID
    - MLKitNaturalLanguage
    - MLKitTranslate
    - Moya
    - nanopb
    - Nimble
    - OpenCV
    - Periphery
    - PromiseKit
    - PromisesObjC
    - Quick
    - R.swift
    - Realm
    - RealmSwift
    - RxBlocking
    - RxCocoa
    - RxRelay
    - RxSwift
    - RxTest
    - SDWebImage
    - Sourcery
    - SSZipArchive
    - Starscream
    - SwiftFormat
    - SwiftGen
    - SwiftLint
    - SwiftSoup
    - SwiftySpell
    - Swinject
    - TrustKit

SPEC CHECKSUMS:
  Alamofire: f36a35757af4587d8e4f4bfa223ad10be2422b8c
  CrashEye: 89d1ca174f0ef3ceeb27152f578c0a61667ba799
  CwlCatchException: 51bf8319009a31104ea6f0568730d1ecc25b6454
  CwlCatchExceptionSupport: 1345d6adb01a505933f2bc972dab60dcb9ce3e50
  CwlMachBadInstructionHandler: ea1030428925d9bf340882522af30712fb4bf356
  CwlPosixPreconditionTesting: a125dee731883f2582715f548c6b6c92c7fde145
  CwlPreconditionTesting: ccfd08aca58d14e04062b2a3dd2fd52e09857453
  Embassy: d752c8de4795d6d7ec0e533cd69b9275917a5211
  Fakery: a90caff00ca5cacde6c161c3eafc72314a03d34d
  FLEX: f21ee4f498eed3f8a1eded66b21939fd3b7a22ce
  GCDWebServer: 2c156a56c8226e2d5c0c3f208a3621ccffbe3ce4
  GoogleDataTransport: 6c09b596d841063d76d4288cc2d2f42cc36e1e2a
  GoogleMLKit: 97ac7af399057e99182ee8edfa8249e3226a4065
  GoogleToolboxForMac: d1a2cbf009c453f4d6ded37c105e2f67a32206d8
  GoogleUtilities: ea963c370a38a8069cc5f7ba4ca849a60b6d7d15
  GoogleUtilitiesComponents: 679b2c881db3b615a2777504623df6122dd20afe
  GTMSessionFetcher: 5aea5ba6bd522a239e236100971f10cb71b96ab6
  IBLinter: 7d28cbb7b579ca80690b56f6c8d22092a672967c
  IOSSecuritySuite: 45e8531b05ffa72b5661cbdb5b5b5648a8de1a84
  KIF: 2bd28f6c15e5b448d578668586acc8c3fe603f06
  Kingfisher: 53a10ea35051a436b5fb626ca2dd8f3144d755e9
  MLKitCommon: afec63980417d29ffbb4790529a1b0a2291699e1
  MLKitLanguageID: a897902aa4e58f7bf0943b07a1f9b58d762273aa
  MLKitNaturalLanguage: 7cd66a1ec3fbee2ff22890e1d42dda5c928e811b
  MLKitTranslate: a404df6fba19d2ddcbebf4f1fc51d9f5edd24ee5
  Moya: 138f0573e53411fb3dc17016add0b748dfbd78ee
  nanopb: 438bc412db1928dac798aa6fd75726007be04262
  Nimble: c3d7c9848a0adae88a665ca52f8da23dd4d2cd94
  OpenCV: 681e0451c1e54c5930a8922277f817ed5d5ab459
  Periphery: ee5accaac4ff9694d2bf60d52462fb1675c67c9d
  PromiseKit: d1be44b474e5acfa16adf007a1f49f104e10fead
  PromisesObjC: f5707f49cb48b9636751c5b2e7d227e43fba9f47
  Quick: b8bec97cd4b9f21da0472d45580f763b801fc353
  R.swift: 0af0d882f49f03711415cb4e5215daa977d8a480
  Realm: e3d9f52df62d7479cf921e5d70294da4fdd2081f
  RealmSwift: 03b060aea36701f8f4bef9fd1d4f4788ae867505
  RxBlocking: 48b86e3ed2a9a19150491e8dc5409973baac2eb1
  RxCocoa: f5609cb4637587a7faa99c5d5787e3ad582b75a4
  RxRelay: 4151ba01152436b08271e08410135e099880eae5
  RxSwift: b9a93a26031785159e11abd40d1a55bcb8057e52
  RxTest: eec2bff159d799cdc02da2b40ef47e43dc17e688
  SDWebImage: 8a6b7b160b4d710e2a22b6900e25301075c34cb3
  Sourcery: 088e2f5a70844da8bc439f9eb9d88f35fc702f93
  SSZipArchive: c69881e8ac5521f0e622291387add5f60f30f3c4
  Starscream: 19b5533ddb925208db698f0ac508a100b884a1b9
  SwiftFormat: 0e575b1d412d27cd5906c59fab64a806ba8f2b8e
  SwiftGen: 4993cbf71cbc4886f775e26f8d5c3a1188ec9f99
  SwiftLint: bd7cfb914762ab5f0cbb632964849571db075706
  SwiftSoup: e3849c3293b1efee9cf892f91f6ae5c22bfeb5f7
  SwiftySpell: 9297a2c2feedb3fc7e15b68f4f8f96d9ec52b25f
  Swinject: a827d508c6270da03ec74e558e728917a888fa9b
  TrustKit: 403e8d2cfbff2abfc37cd41acc558dab8ec78e59

PODFILE CHECKSUM: e54f6036b5b9f5da2f491555095831ce5f90a62e

COCOAPODS: 1.15.2
