PODS:
  - Alamofire (5.9.1)
  - Fakery (5.1.0)
  - GoogleDataTransport (9.4.1):
    - GoogleUtilities/Environment (~> 7.7)
    - nanopb (< 2.30911.0, >= 2.30908.0)
    - PromisesObjC (< 3.0, >= 1.2)
  - GoogleMLKit/LanguageID (6.0.0):
    - GoogleMLKit/MLKitCore
    - MLKitLanguageID (~> 6.0.0)
  - GoogleMLKit/MLKitCore (6.0.0):
    - MLKitCommon (~> 11.0.0)
  - GoogleMLKit/Translate (6.0.0):
    - GoogleMLKit/MLKitCore
    - MLKitTranslate (~> 5.0.0)
  - GoogleToolboxForMac/Defines (4.2.1)
  - GoogleToolboxForMac/Logger (4.2.1):
    - GoogleToolboxForMac/Defines (= 4.2.1)
  - "GoogleToolboxForMac/NSData+zlib (4.2.1)":
    - GoogleToolboxForMac/Defines (= 4.2.1)
  - GoogleToolboxForMac/StringEncoding (4.2.1):
    - GoogleToolboxForMac/Defines (= 4.2.1)
  - GoogleUtilities/Environment (7.13.3):
    - GoogleUtilities/Privacy
    - PromisesObjC (< 3.0, >= 1.2)
  - GoogleUtilities/Logger (7.13.3):
    - GoogleUtilities/Environment
    - GoogleUtilities/Privacy
  - GoogleUtilities/Privacy (7.13.3)
  - GoogleUtilities/UserDefaults (7.13.3):
    - GoogleUtilities/Logger
    - GoogleUtilities/Privacy
  - GoogleUtilitiesComponents (1.1.0):
    - GoogleUtilities/Logger
  - GTMSessionFetcher/Core (3.4.1)
  - IBLinter (0.5.0)
  - Kingfisher (7.11.0)
  - MLKitCommon (11.0.0):
    - GoogleDataTransport (< 10.0, >= 9.4.1)
    - GoogleToolboxForMac/Logger (< 5.0, >= 4.2.1)
    - "GoogleToolboxForMac/NSData+zlib (< 5.0, >= 4.2.1)"
    - GoogleUtilities/UserDefaults (< 8.0, >= 7.13.0)
    - GoogleUtilitiesComponents (~> 1.0)
    - GTMSessionFetcher/Core (< 4.0, >= 3.3.2)
  - MLKitLanguageID (6.0.0):
    - MLKitNaturalLanguage (~> 7.0)
  - MLKitNaturalLanguage (7.0.0):
    - GoogleToolboxForMac/Logger (< 5.0, >= 4.2.1)
    - "GoogleToolboxForMac/NSData+zlib (< 5.0, >= 4.2.1)"
    - GoogleToolboxForMac/StringEncoding (< 5.0, >= 4.2.1)
    - GTMSessionFetcher/Core (< 4.0, >= 3.3.2)
    - MLKitCommon (~> 11.0)
  - MLKitTranslate (5.0.0):
    - MLKitNaturalLanguage (~> 7.0)
    - SSZipArchive (< 3.0, >= 2.5.5)
  - nanopb (2.30910.0):
    - nanopb/decode (= 2.30910.0)
    - nanopb/encode (= 2.30910.0)
  - nanopb/decode (2.30910.0)
  - nanopb/encode (2.30910.0)
  - OpenCV (4.3.0)
  - Periphery (2.20.0)
  - PromisesObjC (2.4.0)
  - R.swift (7.3.2)
  - Realm (10.50.1):
    - Realm/Headers (= 10.50.1)
  - Realm/Headers (10.50.1)
  - RealmSwift (10.50.1):
    - Realm (= 10.50.1)
  - RxCocoa (6.7.1):
    - RxRelay (= 6.7.1)
    - RxSwift (= 6.7.1)
  - RxRelay (6.7.1):
    - RxSwift (= 6.7.1)
  - RxSwift (6.7.1)
  - Sourcery (2.2.4):
    - Sourcery/CLI-Only (= 2.2.4)
  - Sourcery/CLI-Only (2.2.4)
  - SSZipArchive (2.5.5)
  - Starscream (4.0.8)
  - SwiftFormat/CLI (0.53.10)
  - SwiftGen (6.6.3)
  - SwiftLint (0.55.1)
  - SwiftSoup (2.7.2)
  - SwiftySpell (0.9.2)
  - Toaster (2.3.0)

DEPENDENCIES:
  - Alamofire
  - Fakery
  - GoogleMLKit/LanguageID
  - GoogleMLKit/Translate
  - IBLinter
  - Kingfisher
  - OpenCV
  - Periphery
  - R.swift
  - RealmSwift
  - RxCocoa
  - RxSwift
  - Sourcery
  - Starscream
  - SwiftFormat/CLI
  - SwiftGen
  - SwiftLint
  - SwiftSoup
  - SwiftySpell
  - Toaster

SPEC REPOS:
  trunk:
    - Alamofire
    - Fakery
    - GoogleDataTransport
    - GoogleMLKit
    - GoogleToolboxForMac
    - GoogleUtilities
    - GoogleUtilitiesComponents
    - GTMSessionFetcher
    - IBLinter
    - Kingfisher
    - MLKitCommon
    - MLKitLanguageID
    - MLKitNaturalLanguage
    - MLKitTranslate
    - nanopb
    - OpenCV
    - Periphery
    - PromisesObjC
    - R.swift
    - Realm
    - RealmSwift
    - RxCocoa
    - RxRelay
    - RxSwift
    - Sourcery
    - SSZipArchive
    - Starscream
    - SwiftFormat
    - SwiftGen
    - SwiftLint
    - SwiftSoup
    - SwiftySpell
    - Toaster

SPEC CHECKSUMS:
  Alamofire: f36a35757af4587d8e4f4bfa223ad10be2422b8c
  Fakery: a90caff00ca5cacde6c161c3eafc72314a03d34d
  GoogleDataTransport: 6c09b596d841063d76d4288cc2d2f42cc36e1e2a
  GoogleMLKit: 97ac7af399057e99182ee8edfa8249e3226a4065
  GoogleToolboxForMac: d1a2cbf009c453f4d6ded37c105e2f67a32206d8
  GoogleUtilities: ea963c370a38a8069cc5f7ba4ca849a60b6d7d15
  GoogleUtilitiesComponents: 679b2c881db3b615a2777504623df6122dd20afe
  GTMSessionFetcher: 8000756fc1c19d2e5697b90311f7832d2e33f6cd
  IBLinter: 7d28cbb7b579ca80690b56f6c8d22092a672967c
  Kingfisher: b9c985d864d43515f404f1ef4a8ce7d802ace3ac
  MLKitCommon: afec63980417d29ffbb4790529a1b0a2291699e1
  MLKitLanguageID: a897902aa4e58f7bf0943b07a1f9b58d762273aa
  MLKitNaturalLanguage: 7cd66a1ec3fbee2ff22890e1d42dda5c928e811b
  MLKitTranslate: a404df6fba19d2ddcbebf4f1fc51d9f5edd24ee5
  nanopb: 438bc412db1928dac798aa6fd75726007be04262
  OpenCV: 681e0451c1e54c5930a8922277f817ed5d5ab459
  Periphery: bbfb154f812658b3e19a353317bdb20244b662df
  PromisesObjC: f5707f49cb48b9636751c5b2e7d227e43fba9f47
  R.swift: 0af0d882f49f03711415cb4e5215daa977d8a480
  Realm: 36bc9fe2681d7cf234aa487e7990821c772206a2
  RealmSwift: 84a370d3d4f191d327a9f8ade1f064a274f79847
  RxCocoa: f5609cb4637587a7faa99c5d5787e3ad582b75a4
  RxRelay: 4151ba01152436b08271e08410135e099880eae5
  RxSwift: b9a93a26031785159e11abd40d1a55bcb8057e52
  Sourcery: 47b30d2494896127ff264ecb19efb3643521fcb9
  SSZipArchive: c69881e8ac5521f0e622291387add5f60f30f3c4
  Starscream: 19b5533ddb925208db698f0ac508a100b884a1b9
  SwiftFormat: 5967522a8e82d562b2508363d3ddec424fee1e9e
  SwiftGen: 4993cbf71cbc4886f775e26f8d5c3a1188ec9f99
  SwiftLint: 3fe909719babe5537c552ee8181c0031392be933
  SwiftSoup: 4164c6bd8af69acd119c23fb36906975a60d71bb
  SwiftySpell: c61e7b5af1c8c08eeb79ac7ad8019d5ee171e80e
  Toaster: c3473963c78e8cabbf6ea6f11ad0fdaae6f54987

PODFILE CHECKSUM: e28b1b3628cb47d516db5f24fd58bdd9a65d4937

COCOAPODS: 1.15.2
