PODS:
  - Alamofire (5.9.1)
  - Apollo (1.15.0):
    - Apollo/Core (= 1.15.0)
  - Apollo/Core (1.15.0)
  - BlueSocket (1.0.52)
  - BlueSSLService (1.0.52):
    - BlueSocket (~> 1.0.52)
  - DeviceKit (5.4.0)
  - ExytePopupView (3.0.4):
    - SwiftUIIntrospect
  - Fakery (5.1.0)
  - GCDWebServer (3.5.4):
    - GCDWebServer/Core (= 3.5.4)
  - GCDWebServer/Core (3.5.4)
  - GoogleDataTransport (9.4.1):
    - GoogleUtilities/Environment (~> 7.7)
    - nanopb (< 2.30911.0, >= 2.30908.0)
    - PromisesObjC (< 3.0, >= 1.2)
  - GoogleMLKit/LanguageID (6.0.0):
    - GoogleMLKit/MLKitCore
    - MLKitLanguageID (~> 6.0.0)
  - GoogleMLKit/MLKitCore (6.0.0):
    - MLKitCommon (~> 11.0.0)
  - GoogleMLKit/Translate (6.0.0):
    - GoogleMLKit/MLKitCore
    - MLKitTranslate (~> 5.0.0)
  - GoogleToolboxForMac/Defines (4.2.1)
  - GoogleToolboxForMac/Logger (4.2.1):
    - GoogleToolboxForMac/Defines (= 4.2.1)
  - "GoogleToolboxForMac/NSData+zlib (4.2.1)":
    - GoogleToolboxForMac/Defines (= 4.2.1)
  - GoogleToolboxForMac/StringEncoding (4.2.1):
    - GoogleToolboxForMac/Defines (= 4.2.1)
  - GoogleUtilities/Environment (7.13.3):
    - GoogleUtilities/Privacy
    - PromisesObjC (< 3.0, >= 1.2)
  - GoogleUtilities/Logger (7.13.3):
    - GoogleUtilities/Environment
    - GoogleUtilities/Privacy
  - GoogleUtilities/Privacy (7.13.3)
  - GoogleUtilities/UserDefaults (7.13.3):
    - GoogleUtilities/Logger
    - GoogleUtilities/Privacy
  - GoogleUtilitiesComponents (1.1.0):
    - GoogleUtilities/Logger
  - GTMSessionFetcher/Core (3.5.0)
  - IBLinter (0.5.0)
  - Kingfisher (7.12.0)
  - lottie-ios (4.5.0)
  - MLKitCommon (11.0.0):
    - GoogleDataTransport (< 10.0, >= 9.4.1)
    - GoogleToolboxForMac/Logger (< 5.0, >= 4.2.1)
    - "GoogleToolboxForMac/NSData+zlib (< 5.0, >= 4.2.1)"
    - GoogleUtilities/UserDefaults (< 8.0, >= 7.13.0)
    - GoogleUtilitiesComponents (~> 1.0)
    - GTMSessionFetcher/Core (< 4.0, >= 3.3.2)
  - MLKitLanguageID (6.0.0):
    - MLKitNaturalLanguage (~> 7.0)
  - MLKitNaturalLanguage (7.0.0):
    - GoogleToolboxForMac/Logger (< 5.0, >= 4.2.1)
    - "GoogleToolboxForMac/NSData+zlib (< 5.0, >= 4.2.1)"
    - GoogleToolboxForMac/StringEncoding (< 5.0, >= 4.2.1)
    - GTMSessionFetcher/Core (< 4.0, >= 3.3.2)
    - MLKitCommon (~> 11.0)
  - MLKitTranslate (5.0.0):
    - MLKitNaturalLanguage (~> 7.0)
    - SSZipArchive (< 3.0, >= 2.5.5)
  - nanopb (2.30910.0):
    - nanopb/decode (= 2.30910.0)
    - nanopb/encode (= 2.30910.0)
  - nanopb/decode (2.30910.0)
  - nanopb/encode (2.30910.0)
  - OpenCV (4.3.0)
  - Periphery (2.21.0)
  - PostgresClientKit (1.5.0):
    - BlueSocket (~> 1.0)
    - BlueSSLService (~> 1.0)
  - PromisesObjC (2.4.0)
  - R.swift (7.3.2)
  - Realm (10.52.3):
    - Realm/Headers (= 10.52.3)
  - Realm/Headers (10.52.3)
  - RealmSwift (10.52.3):
    - Realm (= 10.52.3)
  - ResearchKit (2.2.16)
  - RxCocoa (6.7.1):
    - RxRelay (= 6.7.1)
    - RxSwift (= 6.7.1)
  - RxRelay (6.7.1):
    - RxSwift (= 6.7.1)
  - RxSwift (6.7.1)
  - Sourcery (2.2.5):
    - Sourcery/CLI-Only (= 2.2.5)
  - Sourcery/CLI-Only (2.2.5)
  - SSZipArchive (2.5.5)
  - Starscream (4.0.8)
  - SwiftFormat/CLI (0.54.3)
  - SwiftGen (6.6.3)
  - SwiftLint (0.56.1)
  - SwiftSoup (2.7.3)
  - SwiftUIIntrospect (1.3.0)
  - SwiftySpell (0.9.6)
  - TensorFlowLiteC (2.17.0):
    - TensorFlowLiteC/Core (= 2.17.0)
  - TensorFlowLiteC/Core (2.17.0)
  - TensorFlowLiteSwift (2.17.0):
    - TensorFlowLiteSwift/Core (= 2.17.0)
  - TensorFlowLiteSwift/Core (2.17.0):
    - TensorFlowLiteC (= 2.17.0)
    - TensorFlowLiteSwift/Privacy (= 2.17.0)
  - TensorFlowLiteSwift/Privacy (2.17.0)
  - Toaster (2.3.0)

DEPENDENCIES:
  - Alamofire
  - Apollo
  - DeviceKit
  - ExytePopupView
  - Fakery
  - GCDWebServer
  - GoogleMLKit/LanguageID
  - GoogleMLKit/Translate
  - IBLinter
  - Kingfisher
  - lottie-ios
  - OpenCV
  - Periphery
  - PostgresClientKit
  - R.swift
  - RealmSwift
  - ResearchKit
  - RxCocoa
  - RxSwift
  - Sourcery
  - Starscream
  - SwiftFormat/CLI
  - SwiftGen
  - SwiftLint
  - SwiftSoup
  - SwiftySpell
  - TensorFlowLiteSwift
  - Toaster

SPEC REPOS:
  trunk:
    - Alamofire
    - Apollo
    - BlueSocket
    - BlueSSLService
    - DeviceKit
    - ExytePopupView
    - Fakery
    - GCDWebServer
    - GoogleDataTransport
    - GoogleMLKit
    - GoogleToolboxForMac
    - GoogleUtilities
    - GoogleUtilitiesComponents
    - GTMSessionFetcher
    - IBLinter
    - Kingfisher
    - lottie-ios
    - MLKitCommon
    - MLKitLanguageID
    - MLKitNaturalLanguage
    - MLKitTranslate
    - nanopb
    - OpenCV
    - Periphery
    - PostgresClientKit
    - PromisesObjC
    - R.swift
    - Realm
    - RealmSwift
    - ResearchKit
    - RxCocoa
    - RxRelay
    - RxSwift
    - Sourcery
    - SSZipArchive
    - Starscream
    - SwiftFormat
    - SwiftGen
    - SwiftLint
    - SwiftSoup
    - SwiftUIIntrospect
    - SwiftySpell
    - TensorFlowLiteC
    - TensorFlowLiteSwift
    - Toaster

SPEC CHECKSUMS:
  Alamofire: f36a35757af4587d8e4f4bfa223ad10be2422b8c
  Apollo: ee0a36746206d941bf24a932b88778b6e4677d23
  BlueSocket: 1acd943acb07b55905291d608649fcfbf8cbd57d
  BlueSSLService: b791a3db95b841973c44870f59bbf94628845b58
  DeviceKit: bd34bb1766d926c3cc5a5f6e3e9a6dd10148b805
  ExytePopupView: 357298b6f4ff95be11bf3d0e28e4c8404075b051
  Fakery: a90caff00ca5cacde6c161c3eafc72314a03d34d
  GCDWebServer: 2c156a56c8226e2d5c0c3f208a3621ccffbe3ce4
  GoogleDataTransport: 6c09b596d841063d76d4288cc2d2f42cc36e1e2a
  GoogleMLKit: 97ac7af399057e99182ee8edfa8249e3226a4065
  GoogleToolboxForMac: d1a2cbf009c453f4d6ded37c105e2f67a32206d8
  GoogleUtilities: ea963c370a38a8069cc5f7ba4ca849a60b6d7d15
  GoogleUtilitiesComponents: 679b2c881db3b615a2777504623df6122dd20afe
  GTMSessionFetcher: 5aea5ba6bd522a239e236100971f10cb71b96ab6
  IBLinter: 7d28cbb7b579ca80690b56f6c8d22092a672967c
  Kingfisher: 53a10ea35051a436b5fb626ca2dd8f3144d755e9
  lottie-ios: a881093fab623c467d3bce374367755c272bdd59
  MLKitCommon: afec63980417d29ffbb4790529a1b0a2291699e1
  MLKitLanguageID: a897902aa4e58f7bf0943b07a1f9b58d762273aa
  MLKitNaturalLanguage: 7cd66a1ec3fbee2ff22890e1d42dda5c928e811b
  MLKitTranslate: a404df6fba19d2ddcbebf4f1fc51d9f5edd24ee5
  nanopb: 438bc412db1928dac798aa6fd75726007be04262
  OpenCV: 681e0451c1e54c5930a8922277f817ed5d5ab459
  Periphery: ee5accaac4ff9694d2bf60d52462fb1675c67c9d
  PostgresClientKit: 46759d7926389529314fb23f2be44e0246808de8
  PromisesObjC: f5707f49cb48b9636751c5b2e7d227e43fba9f47
  R.swift: 0af0d882f49f03711415cb4e5215daa977d8a480
  Realm: f9d340f510309e52a393d65c56103ef524d88a43
  RealmSwift: 673454b09bc096853ee530e824847f38cdc21243
  ResearchKit: 4ce3751136fc82a02ac83f873b09b01b6974a761
  RxCocoa: f5609cb4637587a7faa99c5d5787e3ad582b75a4
  RxRelay: 4151ba01152436b08271e08410135e099880eae5
  RxSwift: b9a93a26031785159e11abd40d1a55bcb8057e52
  Sourcery: 088e2f5a70844da8bc439f9eb9d88f35fc702f93
  SSZipArchive: c69881e8ac5521f0e622291387add5f60f30f3c4
  Starscream: 19b5533ddb925208db698f0ac508a100b884a1b9
  SwiftFormat: 0e575b1d412d27cd5906c59fab64a806ba8f2b8e
  SwiftGen: 4993cbf71cbc4886f775e26f8d5c3a1188ec9f99
  SwiftLint: c5fa0b7eece474d43d2178b581a1242a16267347
  SwiftSoup: e3849c3293b1efee9cf892f91f6ae5c22bfeb5f7
  SwiftUIIntrospect: fee9aa07293ee280373a591e1824e8ddc869ba5d
  SwiftySpell: 9297a2c2feedb3fc7e15b68f4f8f96d9ec52b25f
  TensorFlowLiteC: eac6d689a8d391d1b202dc59e3d9165ba64aaf73
  TensorFlowLiteSwift: 723fe42222815e72490c79feeff05305530de393
  Toaster: c3473963c78e8cabbf6ea6f11ad0fdaae6f54987

PODFILE CHECKSUM: a6a5e59238d557f8e5786dd3a51a9871ea512688

COCOAPODS: 1.15.2
