<?xml version="1.0" encoding="UTF-8"?>
<Scheme
   LastUpgradeVersion = "1600"
   version = "1.7">
   <BuildAction
      parallelizeBuildables = "YES"
      buildImplicitDependencies = "YES"
      buildArchitectures = "Automatic">
      <PreActions>
         <ExecutionAction
            ActionType = "Xcode.IDEStandardExecutionActionsCore.ExecutionActionType.ShellScriptAction">
            <ActionContent
               title = "Download YOLOv3.mlmodel model"
               scriptText = "#!/bin/bash&#10;&#10;MODEL_URL=&quot;https://ml-assets.apple.com/coreml/models/Image/ObjectDetection/YOLOv3/YOLOv3.mlmodel&quot;&#10;PROJECT_DIR=$(dirname &quot;$WORKSPACE_PATH&quot;)&#10;DESTINATION_PATH=&quot;${PROJECT_DIR}/FulliOS/Resources/Models/YOLOv3.mlmodel&quot;&#10;&#10;if [ ! -f &quot;$DESTINATION_PATH&quot; ]; then&#10;    echo &quot;warning: YOLOv3.mlmodel does not exist. Downloading...&quot;&#10;    &#10;    if curl -L &quot;$MODEL_URL&quot; -o &quot;$DESTINATION_PATH&quot;; then&#10;        echo &quot;info: Download of YOLOv3.mlmodel completed successfully.&quot;&#10;    else&#10;        echo &quot;error: YOLOv3.mlmodel download failed.&quot;&#10;        exit 1&#10;    fi&#10;else&#10;    echo &quot;info: YOLOv3.mlmodel already exists. Skipping download.&quot;&#10;fi&#10;">
            </ActionContent>
         </ExecutionAction>
      </PreActions>
      <BuildActionEntries>
         <BuildActionEntry
            buildForTesting = "YES"
            buildForRunning = "YES"
            buildForProfiling = "YES"
            buildForArchiving = "YES"
            buildForAnalyzing = "YES">
            <BuildableReference
               BuildableIdentifier = "primary"
               BlueprintIdentifier = "C2615FE22C0A36F800EBD073"
               BuildableName = "FulliOS.app"
               BlueprintName = "FulliOS"
               ReferencedContainer = "container:FulliOS.xcodeproj">
            </BuildableReference>
         </BuildActionEntry>
      </BuildActionEntries>
   </BuildAction>
   <TestAction
      buildConfiguration = "Debug"
      selectedDebuggerIdentifier = "Xcode.DebuggerFoundation.Debugger.LLDB"
      selectedLauncherIdentifier = "Xcode.DebuggerFoundation.Launcher.LLDB"
      shouldUseLaunchSchemeArgsEnv = "YES"
      shouldAutocreateTestPlan = "YES">
      <Testables>
         <TestableReference
            skipped = "NO"
            parallelizable = "YES">
            <BuildableReference
               BuildableIdentifier = "primary"
               BlueprintIdentifier = "C2615FF42C0A36F900EBD073"
               BuildableName = "FulliOSTests.xctest"
               BlueprintName = "FulliOSTests"
               ReferencedContainer = "container:FulliOS.xcodeproj">
            </BuildableReference>
         </TestableReference>
         <TestableReference
            skipped = "NO"
            parallelizable = "YES">
            <BuildableReference
               BuildableIdentifier = "primary"
               BlueprintIdentifier = "C2615FFE2C0A36F900EBD073"
               BuildableName = "FulliOSUITests.xctest"
               BlueprintName = "FulliOSUITests"
               ReferencedContainer = "container:FulliOS.xcodeproj">
            </BuildableReference>
         </TestableReference>
      </Testables>
   </TestAction>
   <LaunchAction
      buildConfiguration = "Debug"
      selectedDebuggerIdentifier = "Xcode.DebuggerFoundation.Debugger.LLDB"
      selectedLauncherIdentifier = "Xcode.DebuggerFoundation.Launcher.LLDB"
      launchStyle = "0"
      useCustomWorkingDirectory = "NO"
      ignoresPersistentStateOnLaunch = "NO"
      debugDocumentVersioning = "YES"
      debugServiceExtension = "internal"
      allowLocationSimulation = "YES">
      <BuildableProductRunnable
         runnableDebuggingMode = "0">
         <BuildableReference
            BuildableIdentifier = "primary"
            BlueprintIdentifier = "C2615FE22C0A36F800EBD073"
            BuildableName = "FulliOS.app"
            BlueprintName = "FulliOS"
            ReferencedContainer = "container:FulliOS.xcodeproj">
         </BuildableReference>
      </BuildableProductRunnable>
   </LaunchAction>
   <ProfileAction
      buildConfiguration = "Release"
      shouldUseLaunchSchemeArgsEnv = "YES"
      savedToolIdentifier = ""
      useCustomWorkingDirectory = "NO"
      debugDocumentVersioning = "YES">
      <BuildableProductRunnable
         runnableDebuggingMode = "0">
         <BuildableReference
            BuildableIdentifier = "primary"
            BlueprintIdentifier = "C2615FE22C0A36F800EBD073"
            BuildableName = "FulliOS.app"
            BlueprintName = "FulliOS"
            ReferencedContainer = "container:FulliOS.xcodeproj">
         </BuildableReference>
      </BuildableProductRunnable>
   </ProfileAction>
   <AnalyzeAction
      buildConfiguration = "Debug">
   </AnalyzeAction>
   <ArchiveAction
      buildConfiguration = "Release"
      revealArchiveInOrganizer = "YES">
   </ArchiveAction>
</Scheme>
